
Microsoft Visual Studio Solution File, Format Version 12.00
# Visual Studio Version 17
VisualStudioVersion = 17.14.36203.30 d17.14
MinimumVisualStudioVersion = 10.0.40219.1
Project("{C9674DCB-5085-4A16-B785-4C70DD1589BD}") = "Data Loading Techniques", "Data Loading Techniques.dtproj", "{EEFD6585-EBBE-C341-F590-F0D56AF4D626}"
EndProject
Global
	GlobalSection(SolutionConfigurationPlatforms) = preSolution
		Development|Default = Development|Default
	EndGlobalSection
	GlobalSection(ProjectConfigurationPlatforms) = postSolution
		{EEFD6585-EBBE-C341-F590-F0D56AF4D626}.Development|Default.ActiveCfg = Development
		{EEFD6585-EBBE-C341-F590-F0D56AF4D626}.Development|Default.Build.0 = Development
	EndGlobalSection
	GlobalSection(SolutionProperties) = preSolution
		HideSolutionNode = FALSE
	EndGlobalSection
	GlobalSection(ExtensibilityGlobals) = postSolution
		SolutionGuid = {4BFC65F9-0AB0-4B7C-B4B2-CB32A1895FB5}
	EndGlobalSection
EndGlobal
