
Microsoft Visual Studio Solution File, Format Version 12.00
# Visual Studio Version 17
VisualStudioVersion = 17.14.36203.30 d17.14
MinimumVisualStudioVersion = 10.0.40219.1
Project("{F14B399A-7131-4C87-9E4B-1186C45EF12D}") = "Report Project1", "Report Project1.rptproj", "{74D6DABF-A330-01C2-A4D7-1712824A3C30}"
EndProject
Global
	GlobalSection(SolutionConfigurationPlatforms) = preSolution
		Debug|Default = Debug|Default
		DebugLocal|Default = DebugLocal|Default
		Release|Default = Release|Default
	EndGlobalSection
	GlobalSection(ProjectConfigurationPlatforms) = postSolution
		{74D6DABF-A330-01C2-A4D7-1712824A3C30}.Debug|Default.ActiveCfg = Debug
		{74D6DABF-A330-01C2-A4D7-1712824A3C30}.Debug|Default.Build.0 = Debug
		{74D6DABF-A330-01C2-A4D7-1712824A3C30}.Debug|Default.Deploy.0 = Debug
		{74D6DABF-A330-01C2-A4D7-1712824A3C30}.DebugLocal|Default.ActiveCfg = DebugLocal
		{74D6DABF-A330-01C2-A4D7-1712824A3C30}.DebugLocal|Default.Build.0 = DebugLocal
		{74D6DABF-A330-01C2-A4D7-1712824A3C30}.Release|Default.ActiveCfg = Release
		{74D6DABF-A330-01C2-A4D7-1712824A3C30}.Release|Default.Build.0 = Release
		{74D6DABF-A330-01C2-A4D7-1712824A3C30}.Release|Default.Deploy.0 = Release
	EndGlobalSection
	GlobalSection(SolutionProperties) = preSolution
		HideSolutionNode = FALSE
	EndGlobalSection
	GlobalSection(ExtensibilityGlobals) = postSolution
		SolutionGuid = {D52312DA-D950-46C0-8E83-E484C016A91D}
	EndGlobalSection
EndGlobal
